
Microsoft Visual Studio Solution File, Format Version 12.00
# Visual Studio Version 17
VisualStudioVersion = 17.9.34728.123
MinimumVisualStudioVersion = 10.0.40219.1
Project("{FAE04EC0-301F-11D3-BF4B-00C04F79EFBC}") = "Student-Bank", "Student-Bank.csproj", "{0EDDC5AC-41A3-49E6-AA84-D0637760399F}"
EndProject
Global
	GlobalSection(SolutionConfigurationPlatforms) = preSolution
		Debug|Any CPU = Debug|Any CPU
		Release|Any CPU = Release|Any CPU
	EndGlobalSection
	GlobalSection(ProjectConfigurationPlatforms) = postSolution
		{0EDDC5AC-41A3-49E6-AA84-D0637760399F}.Debug|Any CPU.ActiveCfg = Debug|Any CPU
		{0EDDC5AC-41A3-49E6-AA84-D0637760399F}.Debug|Any CPU.Build.0 = Debug|Any CPU
		{0EDDC5AC-41A3-49E6-AA84-D0637760399F}.Release|Any CPU.ActiveCfg = Release|Any CPU
		{0EDDC5AC-41A3-49E6-AA84-D0637760399F}.Release|Any CPU.Build.0 = Release|Any CPU
	EndGlobalSection
	GlobalSection(SolutionProperties) = preSolution
		HideSolutionNode = FALSE
	EndGlobalSection
	GlobalSection(ExtensibilityGlobals) = postSolution
		SolutionGuid = {6C1C87EB-D023-4B09-B8DE-E55CF56ECF00}
	EndGlobalSection
EndGlobal
